// !$*UTF8*$!
{
	archiveVersion = 1;
	classes = {
	};
	objectVersion = 46;
	objects = {

/* Begin PBXBuildFile section */
		E1513C3E146467780092A6B3 /* UIKit.framework in Frameworks */ = {isa = PBXBuildFile; fileRef = E1513C3D146467780092A6B3 /* UIKit.framework */; };
		E1513C40146467780092A6B3 /* Foundation.framework in Frameworks */ = {isa = PBXBuildFile; fileRef = E1513C3F146467780092A6B3 /* Foundation.framework */; };
		E1513C42146467780092A6B3 /* CoreGraphics.framework in Frameworks */ = {isa = PBXBuildFile; fileRef = E1513C41146467780092A6B3 /* CoreGraphics.framework */; };
		E1513C48146467780092A6B3 /* InfoPlist.strings in Resources */ = {isa = PBXBuildFile; fileRef = E1513C46146467780092A6B3 /* InfoPlist.strings */; };
		E1513C4A146467780092A6B3 /* main.m in Sources */ = {isa = PBXBuildFile; fileRef = E1513C49146467780092A6B3 /* main.m */; };
		E1513C4E146467780092A6B3 /* AppDelegate.m in Sources */ = {isa = PBXBuildFile; fileRef = E1513C4D146467780092A6B3 /* AppDelegate.m */; };
		E1513C51146467780092A6B3 /* MainStoryboard.storyboard in Resources */ = {isa = PBXBuildFile; fileRef = E1513C4F146467780092A6B3 /* MainStoryboard.storyboard */; };
		E1513C54146467790092A6B3 /* ViewController.m in Sources */ = {isa = PBXBuildFile; fileRef = E1513C53146467790092A6B3 /* ViewController.m */; };
/* End PBXBuildFile section */

/* Begin PBXFileReference section */
		E1513C39146467780092A6B3 /* HelloiPadSfera.app */ = {isa = PBXFileReference; explicitFileType = wrapper.application; includeInIndex = 0; path = HelloiPadSfera.app; sourceTree = BUILT_PRODUCTS_DIR; };
		E1513C3D146467780092A6B3 /* UIKit.framework */ = {isa = PBXFileReference; lastKnownFileType = wrapper.framework; name = UIKit.framework; path = System/Library/Frameworks/UIKit.framework; sourceTree = SDKROOT; };
		E1513C3F146467780092A6B3 /* Foundation.framework */ = {isa = PBXFileReference; lastKnownFileType = wrapper.framework; name = Foundation.framework; path = System/Library/Frameworks/Foundation.framework; sourceTree = SDKROOT; };
		E1513C41146467780092A6B3 /* CoreGraphics.framework */ = {isa = PBXFileReference; lastKnownFileType = wrapper.framework; name = CoreGraphics.framework; path = System/Library/Frameworks/CoreGraphics.framework; sourceTree = SDKROOT; };
		E1513C45146467780092A6B3 /* HelloiPadSfera-Info.plist */ = {isa = PBXFileReference; lastKnownFileType = text.plist.xml; path = "HelloiPadSfera-Info.plist"; sourceTree = "<group>"; };
		E1513C47146467780092A6B3 /* en */ = {isa = PBXFileReference; lastKnownFileType = text.plist.strings; name = en; path = en.lproj/InfoPlist.strings; sourceTree = "<group>"; };
		E1513C49146467780092A6B3 /* main.m */ = {isa = PBXFileReference; lastKnownFileType = sourcecode.c.objc; path = main.m; sourceTree = "<group>"; };
		E1513C4B146467780092A6B3 /* HelloiPadSfera-Prefix.pch */ = {isa = PBXFileReference; lastKnownFileType = sourcecode.c.h; path = "HelloiPadSfera-Prefix.pch"; sourceTree = "<group>"; };
		E1513C4C146467780092A6B3 /* AppDelegate.h */ = {isa = PBXFileReference; lastKnownFileType = sourcecode.c.h; path = AppDelegate.h; sourceTree = "<group>"; };
		E1513C4D146467780092A6B3 /* AppDelegate.m */ = {isa = PBXFileReference; lastKnownFileType = sourcecode.c.objc; path = AppDelegate.m; sourceTree = "<group>"; };
		E1513C50146467780092A6B3 /* en */ = {isa = PBXFileReference; lastKnownFileType = file.storyboard; name = en; path = en.lproj/MainStoryboard.storyboard; sourceTree = "<group>"; };
		E1513C52146467780092A6B3 /* ViewController.h */ = {isa = PBXFileReference; lastKnownFileType = sourcecode.c.h; path = ViewController.h; sourceTree = "<group>"; };
		E1513C53146467790092A6B3 /* ViewController.m */ = {isa = PBXFileReference; lastKnownFileType = sourcecode.c.objc; path = ViewController.m; sourceTree = "<group>"; };
/* End PBXFileReference section */

/* Begin PBXFrameworksBuildPhase section */
		E1513C36146467780092A6B3 /* Frameworks */ = {
			isa = PBXFrameworksBuildPhase;
			buildActionMask = 2147483647;
			files = (
				E1513C3E146467780092A6B3 /* UIKit.framework in Frameworks */,
				E1513C40146467780092A6B3 /* Foundation.framework in Frameworks */,
				E1513C42146467780092A6B3 /* CoreGraphics.framework in Frameworks */,
			);
			runOnlyForDeploymentPostprocessing = 0;
		};
/* End PBXFrameworksBuildPhase section */

/* Begin PBXGroup section */
		E1513C2E146467780092A6B3 = {
			isa = PBXGroup;
			children = (
				E1513C43146467780092A6B3 /* HelloiPadSfera */,
				E1513C3C146467780092A6B3 /* Frameworks */,
				E1513C3A146467780092A6B3 /* Products */,
			);
			sourceTree = "<group>";
		};
		E1513C3A146467780092A6B3 /* Products */ = {
			isa = PBXGroup;
			children = (
				E1513C39146467780092A6B3 /* HelloiPadSfera.app */,
			);
			name = Products;
			sourceTree = "<group>";
		};
		E1513C3C146467780092A6B3 /* Frameworks */ = {
			isa = PBXGroup;
			children = (
				E1513C3D146467780092A6B3 /* UIKit.framework */,
				E1513C3F146467780092A6B3 /* Foundation.framework */,
				E1513C41146467780092A6B3 /* CoreGraphics.framework */,
			);
			name = Frameworks;
			sourceTree = "<group>";
		};
		E1513C43146467780092A6B3 /* HelloiPadSfera */ = {
			isa = PBXGroup;
			children = (
				E1513C4C146467780092A6B3 /* AppDelegate.h */,
				E1513C4D146467780092A6B3 /* AppDelegate.m */,
				E1513C4F146467780092A6B3 /* MainStoryboard.storyboard */,
				E1513C52146467780092A6B3 /* ViewController.h */,
				E1513C53146467790092A6B3 /* ViewController.m */,
				E1513C44146467780092A6B3 /* Supporting Files */,
			);
			path = HelloiPadSfera;
			sourceTree = "<group>";
		};
		E1513C44146467780092A6B3 /* Supporting Files */ = {
			isa = PBXGroup;
			children = (
				E1513C45146467780092A6B3 /* HelloiPadSfera-Info.plist */,
				E1513C46146467780092A6B3 /* InfoPlist.strings */,
				E1513C49146467780092A6B3 /* main.m */,
				E1513C4B146467780092A6B3 /* HelloiPadSfera-Prefix.pch */,
			);
			name = "Supporting Files";
			sourceTree = "<group>";
		};
/* End PBXGroup section */

/* Begin PBXNativeTarget section */
		E1513C38146467780092A6B3 /* HelloiPadSfera */ = {
			isa = PBXNativeTarget;
			buildConfigurationList = E1513C57146467790092A6B3 /* Build configuration list for PBXNativeTarget "HelloiPadSfera" */;
			buildPhases = (
				E1513C35146467780092A6B3 /* Sources */,
				E1513C36146467780092A6B3 /* Frameworks */,
				E1513C37146467780092A6B3 /* Resources */,
			);
			buildRules = (
			);
			dependencies = (
			);
			name = HelloiPadSfera;
			productName = HelloiPadSfera;
			productReference = E1513C39146467780092A6B3 /* HelloiPadSfera.app */;
			productType = "com.apple.product-type.application";
		};
/* End PBXNativeTarget section */

/* Begin PBXProject section */
		E1513C30146467780092A6B3 /* Project object */ = {
			isa = PBXProject;
			attributes = {
				LastUpgradeCheck = 0420;
				ORGANIZATIONNAME = JIzqApps;
			};
			buildConfigurationList = E1513C33146467780092A6B3 /* Build configuration list for PBXProject "HelloiPadSfera" */;
			compatibilityVersion = "Xcode 3.2";
			developmentRegion = English;
			hasScannedForEncodings = 0;
			knownRegions = (
				en,
			);
			mainGroup = E1513C2E146467780092A6B3;
			productRefGroup = E1513C3A146467780092A6B3 /* Products */;
			projectDirPath = "";
			projectRoot = "";
			targets = (
				E1513C38146467780092A6B3 /* HelloiPadSfera */,
			);
		};
/* End PBXProject section */

/* Begin PBXResourcesBuildPhase section */
		E1513C37146467780092A6B3 /* Resources */ = {
			isa = PBXResourcesBuildPhase;
			buildActionMask = 2147483647;
			files = (
				E1513C48146467780092A6B3 /* InfoPlist.strings in Resources */,
				E1513C51146467780092A6B3 /* MainStoryboard.storyboard in Resources */,
			);
			runOnlyForDeploymentPostprocessing = 0;
		};
/* End PBXResourcesBuildPhase section */

/* Begin PBXSourcesBuildPhase section */
		E1513C35146467780092A6B3 /* Sources */ = {
			isa = PBXSourcesBuildPhase;
			buildActionMask = 2147483647;
			files = (
				E1513C4A146467780092A6B3 /* main.m in Sources */,
				E1513C4E146467780092A6B3 /* AppDelegate.m in Sources */,
				E1513C54146467790092A6B3 /* ViewController.m in Sources */,
			);
			runOnlyForDeploymentPostprocessing = 0;
		};
/* End PBXSourcesBuildPhase section */

/* Begin PBXVariantGroup section */
		E1513C46146467780092A6B3 /* InfoPlist.strings */ = {
			isa = PBXVariantGroup;
			children = (
				E1513C47146467780092A6B3 /* en */,
			);
			name = InfoPlist.strings;
			sourceTree = "<group>";
		};
		E1513C4F146467780092A6B3 /* MainStoryboard.storyboard */ = {
			isa = PBXVariantGroup;
			children = (
				E1513C50146467780092A6B3 /* en */,
			);
			name = MainStoryboard.storyboard;
			sourceTree = "<group>";
		};
/* End PBXVariantGroup section */

/* Begin XCBuildConfiguration section */
		E1513C55146467790092A6B3 /* Debug */ = {
			isa = XCBuildConfiguration;
			buildSettings = {
				ALWAYS_SEARCH_USER_PATHS = NO;
				ARCHS = "$(ARCHS_STANDARD_32_BIT)";
				CLANG_ENABLE_OBJC_ARC = YES;
				"CODE_SIGN_IDENTITY[sdk=iphoneos*]" = "iPhone Developer";
				COPY_PHASE_STRIP = NO;
				GCC_C_LANGUAGE_STANDARD = gnu99;
				GCC_DYNAMIC_NO_PIC = NO;
				GCC_OPTIMIZATION_LEVEL = 0;
				GCC_PREPROCESSOR_DEFINITIONS = (
					"DEBUG=1",
					"$(inherited)",
				);
				GCC_SYMBOLS_PRIVATE_EXTERN = NO;
				GCC_VERSION = com.apple.compilers.llvm.clang.1_0;
				GCC_WARN_ABOUT_MISSING_PROTOTYPES = YES;
				GCC_WARN_ABOUT_RETURN_TYPE = YES;
				GCC_WARN_UNUSED_VARIABLE = YES;
				IPHONEOS_DEPLOYMENT_TARGET = 5.0;
				SDKROOT = iphoneos;
			};
			name = Debug;
		};
		E1513C56146467790092A6B3 /* Release */ = {
			isa = XCBuildConfiguration;
			buildSettings = {
				ALWAYS_SEARCH_USER_PATHS = NO;
				ARCHS = "$(ARCHS_STANDARD_32_BIT)";
				CLANG_ENABLE_OBJC_ARC = YES;
				"CODE_SIGN_IDENTITY[sdk=iphoneos*]" = "iPhone Developer";
				COPY_PHASE_STRIP = YES;
				GCC_C_LANGUAGE_STANDARD = gnu99;
				GCC_VERSION = com.apple.compilers.llvm.clang.1_0;
				GCC_WARN_ABOUT_MISSING_PROTOTYPES = YES;
				GCC_WARN_ABOUT_RETURN_TYPE = YES;
				GCC_WARN_UNUSED_VARIABLE = YES;
				IPHONEOS_DEPLOYMENT_TARGET = 5.0;
				OTHER_CFLAGS = "-DNS_BLOCK_ASSERTIONS=1";
				SDKROOT = iphoneos;
				VALIDATE_PRODUCT = YES;
			};
			name = Release;
		};
		E1513C58146467790092A6B3 /* Debug */ = {
			isa = XCBuildConfiguration;
			buildSettings = {
				GCC_PRECOMPILE_PREFIX_HEADER = YES;
				GCC_PREFIX_HEADER = "HelloiPadSfera/HelloiPadSfera-Prefix.pch";
				INFOPLIST_FILE = "HelloiPadSfera/HelloiPadSfera-Info.plist";
				PRODUCT_NAME = "$(TARGET_NAME)";
				WRAPPER_EXTENSION = app;
			};
			name = Debug;
		};
		E1513C59146467790092A6B3 /* Release */ = {
			isa = XCBuildConfiguration;
			buildSettings = {
				GCC_PRECOMPILE_PREFIX_HEADER = YES;
				GCC_PREFIX_HEADER = "HelloiPadSfera/HelloiPadSfera-Prefix.pch";
				INFOPLIST_FILE = "HelloiPadSfera/HelloiPadSfera-Info.plist";
				PRODUCT_NAME = "$(TARGET_NAME)";
				WRAPPER_EXTENSION = app;
			};
			name = Release;
		};
/* End XCBuildConfiguration section */

/* Begin XCConfigurationList section */
		E1513C33146467780092A6B3 /* Build configuration list for PBXProject "HelloiPadSfera" */ = {
			isa = XCConfigurationList;
			buildConfigurations = (
				E1513C55146467790092A6B3 /* Debug */,
				E1513C56146467790092A6B3 /* Release */,
			);
			defaultConfigurationIsVisible = 0;
			defaultConfigurationName = Release;
		};
		E1513C57146467790092A6B3 /* Build configuration list for PBXNativeTarget "HelloiPadSfera" */ = {
			isa = XCConfigurationList;
			buildConfigurations = (
				E1513C58146467790092A6B3 /* Debug */,
				E1513C59146467790092A6B3 /* Release */,
			);
			defaultConfigurationIsVisible = 0;
		};
/* End XCConfigurationList section */
	};
	rootObject = E1513C30146467780092A6B3 /* Project object */;
}
